
Microsoft Visual Studio Solution File, Format Version 12.00
# Visual Studio 14
VisualStudioVersion = 14.0.24720.0
MinimumVisualStudioVersion = 10.0.40219.1
Project("{FAE04EC0-301F-11D3-BF4B-00C04F79EFBC}") = "DonkeyServer", "DonkeyServer\DonkeyServer.csproj", "{938CC012-3618-429B-9B19-1804F5934D71}"
EndProject
Project("{FAE04EC0-301F-11D3-BF4B-00C04F79EFBC}") = "ConsoleClient", "ConsoleClient\ConsoleClient.csproj", "{3B22D9D1-71D0-46D3-9EFB-3EC52A30BD88}"
EndProject
Project("{FAE04EC0-301F-11D3-BF4B-00C04F79EFBC}") = "DonkeyClient", "DonkeyClient\DonkeyClient.csproj", "{13AD5A78-169C-4300-9802-8612838C34F1}"
EndProject
Project("{2150E333-8FDC-42A3-9474-1A3956D46DE8}") = "UnityClient", "UnityClient", "{A1C6D69A-4A25-4B60-BC4C-F68710890700}"
EndProject
Project("{FAE04EC0-301F-11D3-BF4B-00C04F79EFBC}") = "Common", "Common\Common.csproj", "{D824EB30-1A7E-41DF-B5EC-979C7B27EE99}"
EndProject
Project("{FAE04EC0-301F-11D3-BF4B-00C04F79EFBC}") = "DonkeyAI", "DonkeyAI\DonkeyAI.csproj", "{1DBA8680-812E-4098-8C1F-BCD17AC8A18F}"
EndProject
Global
	GlobalSection(SolutionConfigurationPlatforms) = preSolution
		Debug|Any CPU = Debug|Any CPU
		ForUnity|Any CPU = ForUnity|Any CPU
		Release|Any CPU = Release|Any CPU
	EndGlobalSection
	GlobalSection(ProjectConfigurationPlatforms) = postSolution
		{938CC012-3618-429B-9B19-1804F5934D71}.Debug|Any CPU.ActiveCfg = Debug|x86
		{938CC012-3618-429B-9B19-1804F5934D71}.Debug|Any CPU.Build.0 = Debug|x86
		{938CC012-3618-429B-9B19-1804F5934D71}.ForUnity|Any CPU.ActiveCfg = Debug|x86
		{938CC012-3618-429B-9B19-1804F5934D71}.Release|Any CPU.ActiveCfg = Release|x86
		{3B22D9D1-71D0-46D3-9EFB-3EC52A30BD88}.Debug|Any CPU.ActiveCfg = Debug|Any CPU
		{3B22D9D1-71D0-46D3-9EFB-3EC52A30BD88}.Debug|Any CPU.Build.0 = Debug|Any CPU
		{3B22D9D1-71D0-46D3-9EFB-3EC52A30BD88}.ForUnity|Any CPU.ActiveCfg = Debug|Any CPU
		{3B22D9D1-71D0-46D3-9EFB-3EC52A30BD88}.Release|Any CPU.ActiveCfg = Release|x86
		{13AD5A78-169C-4300-9802-8612838C34F1}.Debug|Any CPU.ActiveCfg = Debug|Any CPU
		{13AD5A78-169C-4300-9802-8612838C34F1}.Debug|Any CPU.Build.0 = Debug|Any CPU
		{13AD5A78-169C-4300-9802-8612838C34F1}.ForUnity|Any CPU.ActiveCfg = Debug|Any CPU
		{13AD5A78-169C-4300-9802-8612838C34F1}.ForUnity|Any CPU.Build.0 = Debug|Any CPU
		{13AD5A78-169C-4300-9802-8612838C34F1}.Release|Any CPU.ActiveCfg = Release|Any CPU
		{13AD5A78-169C-4300-9802-8612838C34F1}.Release|Any CPU.Build.0 = Release|Any CPU
		{D824EB30-1A7E-41DF-B5EC-979C7B27EE99}.Debug|Any CPU.ActiveCfg = Debug|Any CPU
		{D824EB30-1A7E-41DF-B5EC-979C7B27EE99}.Debug|Any CPU.Build.0 = Debug|Any CPU
		{D824EB30-1A7E-41DF-B5EC-979C7B27EE99}.ForUnity|Any CPU.ActiveCfg = Debug|Any CPU
		{D824EB30-1A7E-41DF-B5EC-979C7B27EE99}.ForUnity|Any CPU.Build.0 = Debug|Any CPU
		{D824EB30-1A7E-41DF-B5EC-979C7B27EE99}.Release|Any CPU.ActiveCfg = Release|Any CPU
		{D824EB30-1A7E-41DF-B5EC-979C7B27EE99}.Release|Any CPU.Build.0 = Release|Any CPU
		{1DBA8680-812E-4098-8C1F-BCD17AC8A18F}.Debug|Any CPU.ActiveCfg = Debug|Any CPU
		{1DBA8680-812E-4098-8C1F-BCD17AC8A18F}.Debug|Any CPU.Build.0 = Debug|Any CPU
		{1DBA8680-812E-4098-8C1F-BCD17AC8A18F}.ForUnity|Any CPU.ActiveCfg = Release|Any CPU
		{1DBA8680-812E-4098-8C1F-BCD17AC8A18F}.Release|Any CPU.ActiveCfg = Release|Any CPU
		{1DBA8680-812E-4098-8C1F-BCD17AC8A18F}.Release|Any CPU.Build.0 = Release|Any CPU
	EndGlobalSection
	GlobalSection(SolutionProperties) = preSolution
		HideSolutionNode = FALSE
	EndGlobalSection
EndGlobal
