
Microsoft Visual Studio Solution File, Format Version 12.00
# Visual Studio 15
VisualStudioVersion = 15.0.26228.12
MinimumVisualStudioVersion = 10.0.40219.1
Project("{FAE04EC0-301F-11D3-BF4B-00C04F79EFBC}") = "DonkeyServer", "DonkeyServer\DonkeyServer.csproj", "{938CC012-3618-429B-9B19-1804F5934D71}"
EndProject
Project("{FAE04EC0-301F-11D3-BF4B-00C04F79EFBC}") = "ConsoleClient", "ConsoleClient\ConsoleClient.csproj", "{3B22D9D1-71D0-46D3-9EFB-3EC52A30BD88}"
EndProject
Project("{FAE04EC0-301F-11D3-BF4B-00C04F79EFBC}") = "DonkeyClient", "DonkeyClient\DonkeyClient.csproj", "{13AD5A78-169C-4300-9802-8612838C34F1}"
EndProject
Project("{2150E333-8FDC-42A3-9474-1A3956D46DE8}") = "UnityClient", "UnityClient", "{A1C6D69A-4A25-4B60-BC4C-F68710890700}"
EndProject
Project("{FAE04EC0-301F-11D3-BF4B-00C04F79EFBC}") = "Common", "Common\Common.csproj", "{D824EB30-1A7E-41DF-B5EC-979C7B27EE99}"
EndProject
Project("{FAE04EC0-301F-11D3-BF4B-00C04F79EFBC}") = "DonkeyAI", "DonkeyAI\DonkeyAI.csproj", "{1DBA8680-812E-4098-8C1F-BCD17AC8A18F}"
EndProject
Global
	GlobalSection(SolutionConfigurationPlatforms) = preSolution
		ForUnity - Debug|Any CPU = ForUnity - Debug|Any CPU
		ForUnity - Debug|x86 = ForUnity - Debug|x86
		ForUnity - Release|Any CPU = ForUnity - Release|Any CPU
		ForUnity - Release|x86 = ForUnity - Release|x86
		Server - Debug|Any CPU = Server - Debug|Any CPU
		Server - Debug|x86 = Server - Debug|x86
		Server - Release|Any CPU = Server - Release|Any CPU
		Server - Release|x86 = Server - Release|x86
	EndGlobalSection
	GlobalSection(ProjectConfigurationPlatforms) = postSolution
		{938CC012-3618-429B-9B19-1804F5934D71}.ForUnity - Debug|Any CPU.ActiveCfg = Debug|x86
		{938CC012-3618-429B-9B19-1804F5934D71}.ForUnity - Debug|x86.ActiveCfg = Release|x86
		{938CC012-3618-429B-9B19-1804F5934D71}.ForUnity - Release|Any CPU.ActiveCfg = ForUnity - Release|x64
		{938CC012-3618-429B-9B19-1804F5934D71}.ForUnity - Release|x86.ActiveCfg = ForUnity - Release|x86
		{938CC012-3618-429B-9B19-1804F5934D71}.Server - Debug|Any CPU.ActiveCfg = Debug|x86
		{938CC012-3618-429B-9B19-1804F5934D71}.Server - Debug|Any CPU.Build.0 = Debug|x86
		{938CC012-3618-429B-9B19-1804F5934D71}.Server - Debug|x86.ActiveCfg = Debug|x86
		{938CC012-3618-429B-9B19-1804F5934D71}.Server - Debug|x86.Build.0 = Debug|x86
		{938CC012-3618-429B-9B19-1804F5934D71}.Server - Release|Any CPU.ActiveCfg = Release|x86
		{938CC012-3618-429B-9B19-1804F5934D71}.Server - Release|Any CPU.Build.0 = Release|x86
		{938CC012-3618-429B-9B19-1804F5934D71}.Server - Release|x86.ActiveCfg = Release|x86
		{938CC012-3618-429B-9B19-1804F5934D71}.Server - Release|x86.Build.0 = Release|x86
		{3B22D9D1-71D0-46D3-9EFB-3EC52A30BD88}.ForUnity - Debug|Any CPU.ActiveCfg = Debug|Any CPU
		{3B22D9D1-71D0-46D3-9EFB-3EC52A30BD88}.ForUnity - Debug|x86.ActiveCfg = Debug|x86
		{3B22D9D1-71D0-46D3-9EFB-3EC52A30BD88}.ForUnity - Release|Any CPU.ActiveCfg = ForUnity - Release|x64
		{3B22D9D1-71D0-46D3-9EFB-3EC52A30BD88}.ForUnity - Release|x86.ActiveCfg = ForUnity - Release|Any CPU
		{3B22D9D1-71D0-46D3-9EFB-3EC52A30BD88}.Server - Debug|Any CPU.ActiveCfg = Debug|Any CPU
		{3B22D9D1-71D0-46D3-9EFB-3EC52A30BD88}.Server - Debug|Any CPU.Build.0 = Debug|Any CPU
		{3B22D9D1-71D0-46D3-9EFB-3EC52A30BD88}.Server - Debug|x86.ActiveCfg = Debug|x86
		{3B22D9D1-71D0-46D3-9EFB-3EC52A30BD88}.Server - Debug|x86.Build.0 = Debug|x86
		{3B22D9D1-71D0-46D3-9EFB-3EC52A30BD88}.Server - Release|Any CPU.ActiveCfg = Release|Any CPU
		{3B22D9D1-71D0-46D3-9EFB-3EC52A30BD88}.Server - Release|Any CPU.Build.0 = Release|Any CPU
		{3B22D9D1-71D0-46D3-9EFB-3EC52A30BD88}.Server - Release|x86.ActiveCfg = Release|x86
		{3B22D9D1-71D0-46D3-9EFB-3EC52A30BD88}.Server - Release|x86.Build.0 = Release|x86
		{13AD5A78-169C-4300-9802-8612838C34F1}.ForUnity - Debug|Any CPU.ActiveCfg = Debug|Any CPU
		{13AD5A78-169C-4300-9802-8612838C34F1}.ForUnity - Debug|Any CPU.Build.0 = Debug|Any CPU
		{13AD5A78-169C-4300-9802-8612838C34F1}.ForUnity - Debug|x86.ActiveCfg = Release|x86
		{13AD5A78-169C-4300-9802-8612838C34F1}.ForUnity - Release|Any CPU.ActiveCfg = ForUnity - Release|Any CPU
		{13AD5A78-169C-4300-9802-8612838C34F1}.ForUnity - Release|Any CPU.Build.0 = ForUnity - Release|Any CPU
		{13AD5A78-169C-4300-9802-8612838C34F1}.ForUnity - Release|x86.ActiveCfg = ForUnity - Release|Any CPU
		{13AD5A78-169C-4300-9802-8612838C34F1}.ForUnity - Release|x86.Build.0 = ForUnity - Release|Any CPU
		{13AD5A78-169C-4300-9802-8612838C34F1}.Server - Debug|Any CPU.ActiveCfg = Debug|Any CPU
		{13AD5A78-169C-4300-9802-8612838C34F1}.Server - Debug|Any CPU.Build.0 = Debug|Any CPU
		{13AD5A78-169C-4300-9802-8612838C34F1}.Server - Debug|x86.ActiveCfg = Debug|x86
		{13AD5A78-169C-4300-9802-8612838C34F1}.Server - Debug|x86.Build.0 = Debug|x86
		{13AD5A78-169C-4300-9802-8612838C34F1}.Server - Release|Any CPU.ActiveCfg = Release|Any CPU
		{13AD5A78-169C-4300-9802-8612838C34F1}.Server - Release|Any CPU.Build.0 = Release|Any CPU
		{13AD5A78-169C-4300-9802-8612838C34F1}.Server - Release|x86.ActiveCfg = Release|x86
		{13AD5A78-169C-4300-9802-8612838C34F1}.Server - Release|x86.Build.0 = Release|x86
		{D824EB30-1A7E-41DF-B5EC-979C7B27EE99}.ForUnity - Debug|Any CPU.ActiveCfg = Debug|Any CPU
		{D824EB30-1A7E-41DF-B5EC-979C7B27EE99}.ForUnity - Debug|Any CPU.Build.0 = Debug|Any CPU
		{D824EB30-1A7E-41DF-B5EC-979C7B27EE99}.ForUnity - Debug|x86.ActiveCfg = Release|x86
		{D824EB30-1A7E-41DF-B5EC-979C7B27EE99}.ForUnity - Release|Any CPU.ActiveCfg = ForUnity - Release|Any CPU
		{D824EB30-1A7E-41DF-B5EC-979C7B27EE99}.ForUnity - Release|Any CPU.Build.0 = ForUnity - Release|Any CPU
		{D824EB30-1A7E-41DF-B5EC-979C7B27EE99}.ForUnity - Release|x86.ActiveCfg = ForUnity - Release|Any CPU
		{D824EB30-1A7E-41DF-B5EC-979C7B27EE99}.ForUnity - Release|x86.Build.0 = ForUnity - Release|Any CPU
		{D824EB30-1A7E-41DF-B5EC-979C7B27EE99}.Server - Debug|Any CPU.ActiveCfg = Debug|Any CPU
		{D824EB30-1A7E-41DF-B5EC-979C7B27EE99}.Server - Debug|Any CPU.Build.0 = Debug|Any CPU
		{D824EB30-1A7E-41DF-B5EC-979C7B27EE99}.Server - Debug|x86.ActiveCfg = Debug|x86
		{D824EB30-1A7E-41DF-B5EC-979C7B27EE99}.Server - Debug|x86.Build.0 = Debug|x86
		{D824EB30-1A7E-41DF-B5EC-979C7B27EE99}.Server - Release|Any CPU.ActiveCfg = Release|Any CPU
		{D824EB30-1A7E-41DF-B5EC-979C7B27EE99}.Server - Release|Any CPU.Build.0 = Release|Any CPU
		{D824EB30-1A7E-41DF-B5EC-979C7B27EE99}.Server - Release|x86.ActiveCfg = Release|x86
		{D824EB30-1A7E-41DF-B5EC-979C7B27EE99}.Server - Release|x86.Build.0 = Release|x86
		{1DBA8680-812E-4098-8C1F-BCD17AC8A18F}.ForUnity - Debug|Any CPU.ActiveCfg = Release|Any CPU
		{1DBA8680-812E-4098-8C1F-BCD17AC8A18F}.ForUnity - Debug|x86.ActiveCfg = Release|x86
		{1DBA8680-812E-4098-8C1F-BCD17AC8A18F}.ForUnity - Release|Any CPU.ActiveCfg = ForUnity - Release|Any CPU
		{1DBA8680-812E-4098-8C1F-BCD17AC8A18F}.ForUnity - Release|x86.ActiveCfg = ForUnity - Release|Any CPU
		{1DBA8680-812E-4098-8C1F-BCD17AC8A18F}.Server - Debug|Any CPU.ActiveCfg = Debug|Any CPU
		{1DBA8680-812E-4098-8C1F-BCD17AC8A18F}.Server - Debug|Any CPU.Build.0 = Debug|Any CPU
		{1DBA8680-812E-4098-8C1F-BCD17AC8A18F}.Server - Debug|x86.ActiveCfg = Debug|x86
		{1DBA8680-812E-4098-8C1F-BCD17AC8A18F}.Server - Debug|x86.Build.0 = Debug|x86
		{1DBA8680-812E-4098-8C1F-BCD17AC8A18F}.Server - Release|Any CPU.ActiveCfg = Release|Any CPU
		{1DBA8680-812E-4098-8C1F-BCD17AC8A18F}.Server - Release|Any CPU.Build.0 = Release|Any CPU
		{1DBA8680-812E-4098-8C1F-BCD17AC8A18F}.Server - Release|x86.ActiveCfg = Release|x86
		{1DBA8680-812E-4098-8C1F-BCD17AC8A18F}.Server - Release|x86.Build.0 = Release|x86
	EndGlobalSection
	GlobalSection(SolutionProperties) = preSolution
		HideSolutionNode = FALSE
	EndGlobalSection
EndGlobal
